
Microsoft Visual Studio Solution File, Format Version 12.00
# Visual Studio Version 17
VisualStudioVersion = 17.6.33723.286
MinimumVisualStudioVersion = 10.0.40219.1
Project("{9A19103F-16F7-4668-BE54-9A1E7A4F7556}") = "CompetitionWebApi", "CompetitionWebApi\CompetitionWebApi.csproj", "{D2052884-49EA-471B-A225-BC9D1A2CDA17}"
EndProject
Project("{9A19103F-16F7-4668-BE54-9A1E7A4F7556}") = "CompetitionWebApi.Domain", "CompetitionWebApi.Domain\CompetitionWebApi.Domain.csproj", "{2C68FBDC-FE15-4E8A-95E1-C37298B599EB}"
EndProject
Project("{9A19103F-16F7-4668-BE54-9A1E7A4F7556}") = "CompetitionWebApi.Application", "CompetitionWebApi.Application\CompetitionWebApi.Application.csproj", "{83491B9C-8691-4450-978C-426673FF0090}"
EndProject
Project("{9A19103F-16F7-4668-BE54-9A1E7A4F7556}") = "CompetitionWebApi.DataAccess", "CompetitionWebApi.DataAccess\CompetitionWebApi.DataAccess.csproj", "{ED1E9322-9DC4-4590-95B4-534C4040915E}"
EndProject
Global
	GlobalSection(SolutionConfigurationPlatforms) = preSolution
		Debug|Any CPU = Debug|Any CPU
		Release|Any CPU = Release|Any CPU
	EndGlobalSection
	GlobalSection(ProjectConfigurationPlatforms) = postSolution
		{D2052884-49EA-471B-A225-BC9D1A2CDA17}.Debug|Any CPU.ActiveCfg = Debug|Any CPU
		{D2052884-49EA-471B-A225-BC9D1A2CDA17}.Debug|Any CPU.Build.0 = Debug|Any CPU
		{D2052884-49EA-471B-A225-BC9D1A2CDA17}.Release|Any CPU.ActiveCfg = Release|Any CPU
		{D2052884-49EA-471B-A225-BC9D1A2CDA17}.Release|Any CPU.Build.0 = Release|Any CPU
		{2C68FBDC-FE15-4E8A-95E1-C37298B599EB}.Debug|Any CPU.ActiveCfg = Debug|Any CPU
		{2C68FBDC-FE15-4E8A-95E1-C37298B599EB}.Debug|Any CPU.Build.0 = Debug|Any CPU
		{2C68FBDC-FE15-4E8A-95E1-C37298B599EB}.Release|Any CPU.ActiveCfg = Release|Any CPU
		{2C68FBDC-FE15-4E8A-95E1-C37298B599EB}.Release|Any CPU.Build.0 = Release|Any CPU
		{83491B9C-8691-4450-978C-426673FF0090}.Debug|Any CPU.ActiveCfg = Debug|Any CPU
		{83491B9C-8691-4450-978C-426673FF0090}.Debug|Any CPU.Build.0 = Debug|Any CPU
		{83491B9C-8691-4450-978C-426673FF0090}.Release|Any CPU.ActiveCfg = Release|Any CPU
		{83491B9C-8691-4450-978C-426673FF0090}.Release|Any CPU.Build.0 = Release|Any CPU
		{ED1E9322-9DC4-4590-95B4-534C4040915E}.Debug|Any CPU.ActiveCfg = Debug|Any CPU
		{ED1E9322-9DC4-4590-95B4-534C4040915E}.Debug|Any CPU.Build.0 = Debug|Any CPU
		{ED1E9322-9DC4-4590-95B4-534C4040915E}.Release|Any CPU.ActiveCfg = Release|Any CPU
		{ED1E9322-9DC4-4590-95B4-534C4040915E}.Release|Any CPU.Build.0 = Release|Any CPU
	EndGlobalSection
	GlobalSection(SolutionProperties) = preSolution
		HideSolutionNode = FALSE
	EndGlobalSection
	GlobalSection(ExtensibilityGlobals) = postSolution
		SolutionGuid = {DDE7B1F1-AAC8-44AA-95DC-7311FAE9ED2A}
	EndGlobalSection
EndGlobal
